// !$*UTF8*$!
{
	archiveVersion = 1;
	classes = {
	};
	objectVersion = 50;
	objects = {

/* Begin PBXBuildFile section */
		ADA452E6275BA20100C15377 /* InputTestViewController.swift in Sources */ = {isa = PBXBuildFile; fileRef = ADA452E4275BA20100C15377 /* InputTestViewController.swift */; };
		ADA452E7275BA20100C15377 /* InputTestViewController.xib in Resources */ = {isa = PBXBuildFile; fileRef = ADA452E5275BA20100C15377 /* InputTestViewController.xib */; };
		ADA945D527637F1E0024E8ED /* GradientTestViewController.swift in Sources */ = {isa = PBXBuildFile; fileRef = ADA945D327637F1E0024E8ED /* GradientTestViewController.swift */; };
		ADA945D627637F1E0024E8ED /* GradientTestViewController.xib in Resources */ = {isa = PBXBuildFile; fileRef = ADA945D427637F1E0024E8ED /* GradientTestViewController.xib */; };
		ADCC899927546F7300912771 /* ThreadTestViewController02.swift in Sources */ = {isa = PBXBuildFile; fileRef = ADCC899727546F7300912771 /* ThreadTestViewController02.swift */; };
		ADCC899A27546F7300912771 /* ThreadTestViewController02.xib in Resources */ = {isa = PBXBuildFile; fileRef = ADCC899827546F7300912771 /* ThreadTestViewController02.xib */; };
		ADF36E2027527FB7008BA1DB /* Keychain.swift in Sources */ = {isa = PBXBuildFile; fileRef = ADF36E1F27527FB7008BA1DB /* Keychain.swift */; };
		DC2412CA262690BC00F42143 /* SystemShareViewController.swift in Sources */ = {isa = PBXBuildFile; fileRef = DC2412C9262690BC00F42143 /* SystemShareViewController.swift */; };
		DC2412D12626B6AD00F42143 /* FileOpeningViewController.swift in Sources */ = {isa = PBXBuildFile; fileRef = DC2412D02626B6AD00F42143 /* FileOpeningViewController.swift */; };
		DC2412D52626B97300F42143 /* pretty.jpg in Resources */ = {isa = PBXBuildFile; fileRef = DC2412D32626B97300F42143 /* pretty.jpg */; };
		DC2412D62626B97300F42143 /* 荷塘月色.pdf in Resources */ = {isa = PBXBuildFile; fileRef = DC2412D42626B97300F42143 /* 荷塘月色.pdf */; };
		DC2AE35E26241E14005C8CC7 /* BarViewController.swift in Sources */ = {isa = PBXBuildFile; fileRef = DC2AE35C26241E14005C8CC7 /* BarViewController.swift */; };
		DC82D32E2627D26F00BC7BA2 /* SuspensionViewController.swift in Sources */ = {isa = PBXBuildFile; fileRef = DC82D32D2627D26F00BC7BA2 /* SuspensionViewController.swift */; };
		EA031C0126248BAD00180969 /* BarTestViewController.swift in Sources */ = {isa = PBXBuildFile; fileRef = EA031C0026248BAD00180969 /* BarTestViewController.swift */; };
		EA031C052625CACD00180969 /* ScrollViewHeaderViewController.swift in Sources */ = {isa = PBXBuildFile; fileRef = EA031C042625CACD00180969 /* ScrollViewHeaderViewController.swift */; };
		EA031C092625CB2200180969 /* HomeModule.storyboard in Resources */ = {isa = PBXBuildFile; fileRef = EA031C082625CB2200180969 /* HomeModule.storyboard */; };
		EA031C0C2625CB3300180969 /* MineModule.storyboard in Resources */ = {isa = PBXBuildFile; fileRef = EA031C0B2625CB3300180969 /* MineModule.storyboard */; };
		EA031C1326271AE400180969 /* PageViewController.swift in Sources */ = {isa = PBXBuildFile; fileRef = EA031C1226271AE400180969 /* PageViewController.swift */; };
		EA031C1726271BF200180969 /* PageViewController01.swift in Sources */ = {isa = PBXBuildFile; fileRef = EA031C1626271BF200180969 /* PageViewController01.swift */; };
		EA031C1A26271BFB00180969 /* PageViewController02.swift in Sources */ = {isa = PBXBuildFile; fileRef = EA031C1926271BFB00180969 /* PageViewController02.swift */; };
		EA031C1D26271C0400180969 /* PageViewController03.swift in Sources */ = {isa = PBXBuildFile; fileRef = EA031C1C26271C0400180969 /* PageViewController03.swift */; };
		EA031CA52629ED8F00180969 /* ModelTestViewController01.swift in Sources */ = {isa = PBXBuildFile; fileRef = EA031CA32629ED8F00180969 /* ModelTestViewController01.swift */; };
		EA031CA62629ED8F00180969 /* ModelTestViewController01.xib in Resources */ = {isa = PBXBuildFile; fileRef = EA031CA42629ED8F00180969 /* ModelTestViewController01.xib */; };
		EA031CAA2629ED9D00180969 /* ModelTestViewController02.swift in Sources */ = {isa = PBXBuildFile; fileRef = EA031CA82629ED9D00180969 /* ModelTestViewController02.swift */; };
		EA031CAB2629ED9D00180969 /* ModelTestViewController02.xib in Resources */ = {isa = PBXBuildFile; fileRef = EA031CA92629ED9D00180969 /* ModelTestViewController02.xib */; };
		EA031CAE2629F17200180969 /* ModelAnimator.swift in Sources */ = {isa = PBXBuildFile; fileRef = EA031CAD2629F17200180969 /* ModelAnimator.swift */; };
		EA7A6BCB262C008E00149932 /* KeychainViewController.swift in Sources */ = {isa = PBXBuildFile; fileRef = EA7A6BC9262C008E00149932 /* KeychainViewController.swift */; };
		EA7A6BCC262C008E00149932 /* KeychainViewController.xib in Resources */ = {isa = PBXBuildFile; fileRef = EA7A6BCA262C008E00149932 /* KeychainViewController.xib */; };
		EAEBAD4A2621B176005DE62B /* AppDelegate.swift in Sources */ = {isa = PBXBuildFile; fileRef = EAEBAD492621B176005DE62B /* AppDelegate.swift */; };
		EAEBAD532621B178005DE62B /* Assets.xcassets in Resources */ = {isa = PBXBuildFile; fileRef = EAEBAD522621B178005DE62B /* Assets.xcassets */; };
		EAEBAD562621B178005DE62B /* LaunchScreen.storyboard in Resources */ = {isa = PBXBuildFile; fileRef = EAEBAD542621B178005DE62B /* LaunchScreen.storyboard */; };
		EAEBAD622621B3A7005DE62B /* RootTabBarController.swift in Sources */ = {isa = PBXBuildFile; fileRef = EAEBAD612621B3A7005DE62B /* RootTabBarController.swift */; };
		EAEBAD662621B3E6005DE62B /* HomeViewController.swift in Sources */ = {isa = PBXBuildFile; fileRef = EAEBAD642621B3E6005DE62B /* HomeViewController.swift */; };
		EAEBAD6B2621B3F0005DE62B /* MineViewController.swift in Sources */ = {isa = PBXBuildFile; fileRef = EAEBAD692621B3F0005DE62B /* MineViewController.swift */; };
/* End PBXBuildFile section */

/* Begin PBXFileReference section */
		ADA452E4275BA20100C15377 /* InputTestViewController.swift */ = {isa = PBXFileReference; lastKnownFileType = sourcecode.swift; path = InputTestViewController.swift; sourceTree = "<group>"; };
		ADA452E5275BA20100C15377 /* InputTestViewController.xib */ = {isa = PBXFileReference; lastKnownFileType = file.xib; path = InputTestViewController.xib; sourceTree = "<group>"; };
		ADA945D327637F1E0024E8ED /* GradientTestViewController.swift */ = {isa = PBXFileReference; lastKnownFileType = sourcecode.swift; path = GradientTestViewController.swift; sourceTree = "<group>"; };
		ADA945D427637F1E0024E8ED /* GradientTestViewController.xib */ = {isa = PBXFileReference; lastKnownFileType = file.xib; path = GradientTestViewController.xib; sourceTree = "<group>"; };
		ADCC899727546F7300912771 /* ThreadTestViewController02.swift */ = {isa = PBXFileReference; lastKnownFileType = sourcecode.swift; path = ThreadTestViewController02.swift; sourceTree = "<group>"; };
		ADCC899827546F7300912771 /* ThreadTestViewController02.xib */ = {isa = PBXFileReference; lastKnownFileType = file.xib; path = ThreadTestViewController02.xib; sourceTree = "<group>"; };
		ADF36E1F27527FB7008BA1DB /* Keychain.swift */ = {isa = PBXFileReference; fileEncoding = 4; lastKnownFileType = sourcecode.swift; path = Keychain.swift; sourceTree = "<group>"; };
		DC2412C9262690BC00F42143 /* SystemShareViewController.swift */ = {isa = PBXFileReference; lastKnownFileType = sourcecode.swift; path = SystemShareViewController.swift; sourceTree = "<group>"; };
		DC2412D02626B6AD00F42143 /* FileOpeningViewController.swift */ = {isa = PBXFileReference; lastKnownFileType = sourcecode.swift; path = FileOpeningViewController.swift; sourceTree = "<group>"; };
		DC2412D32626B97300F42143 /* pretty.jpg */ = {isa = PBXFileReference; lastKnownFileType = image.jpeg; path = pretty.jpg; sourceTree = "<group>"; };
		DC2412D42626B97300F42143 /* 荷塘月色.pdf */ = {isa = PBXFileReference; lastKnownFileType = image.pdf; path = "荷塘月色.pdf"; sourceTree = "<group>"; };
		DC2AE35C26241E14005C8CC7 /* BarViewController.swift */ = {isa = PBXFileReference; lastKnownFileType = sourcecode.swift; path = BarViewController.swift; sourceTree = "<group>"; };
		DC82D32D2627D26F00BC7BA2 /* SuspensionViewController.swift */ = {isa = PBXFileReference; lastKnownFileType = sourcecode.swift; path = SuspensionViewController.swift; sourceTree = "<group>"; };
		EA031C0026248BAD00180969 /* BarTestViewController.swift */ = {isa = PBXFileReference; lastKnownFileType = sourcecode.swift; path = BarTestViewController.swift; sourceTree = "<group>"; };
		EA031C042625CACD00180969 /* ScrollViewHeaderViewController.swift */ = {isa = PBXFileReference; lastKnownFileType = sourcecode.swift; path = ScrollViewHeaderViewController.swift; sourceTree = "<group>"; };
		EA031C082625CB2200180969 /* HomeModule.storyboard */ = {isa = PBXFileReference; lastKnownFileType = file.storyboard; path = HomeModule.storyboard; sourceTree = "<group>"; };
		EA031C0B2625CB3300180969 /* MineModule.storyboard */ = {isa = PBXFileReference; lastKnownFileType = file.storyboard; path = MineModule.storyboard; sourceTree = "<group>"; };
		EA031C1226271AE400180969 /* PageViewController.swift */ = {isa = PBXFileReference; lastKnownFileType = sourcecode.swift; path = PageViewController.swift; sourceTree = "<group>"; };
		EA031C1626271BF200180969 /* PageViewController01.swift */ = {isa = PBXFileReference; lastKnownFileType = sourcecode.swift; path = PageViewController01.swift; sourceTree = "<group>"; };
		EA031C1926271BFB00180969 /* PageViewController02.swift */ = {isa = PBXFileReference; lastKnownFileType = sourcecode.swift; path = PageViewController02.swift; sourceTree = "<group>"; };
		EA031C1C26271C0400180969 /* PageViewController03.swift */ = {isa = PBXFileReference; lastKnownFileType = sourcecode.swift; path = PageViewController03.swift; sourceTree = "<group>"; };
		EA031CA32629ED8F00180969 /* ModelTestViewController01.swift */ = {isa = PBXFileReference; lastKnownFileType = sourcecode.swift; path = ModelTestViewController01.swift; sourceTree = "<group>"; };
		EA031CA42629ED8F00180969 /* ModelTestViewController01.xib */ = {isa = PBXFileReference; lastKnownFileType = file.xib; path = ModelTestViewController01.xib; sourceTree = "<group>"; };
		EA031CA82629ED9D00180969 /* ModelTestViewController02.swift */ = {isa = PBXFileReference; lastKnownFileType = sourcecode.swift; path = ModelTestViewController02.swift; sourceTree = "<group>"; };
		EA031CA92629ED9D00180969 /* ModelTestViewController02.xib */ = {isa = PBXFileReference; lastKnownFileType = file.xib; path = ModelTestViewController02.xib; sourceTree = "<group>"; };
		EA031CAD2629F17200180969 /* ModelAnimator.swift */ = {isa = PBXFileReference; lastKnownFileType = sourcecode.swift; path = ModelAnimator.swift; sourceTree = "<group>"; };
		EA7A6BC9262C008E00149932 /* KeychainViewController.swift */ = {isa = PBXFileReference; lastKnownFileType = sourcecode.swift; path = KeychainViewController.swift; sourceTree = "<group>"; };
		EA7A6BCA262C008E00149932 /* KeychainViewController.xib */ = {isa = PBXFileReference; lastKnownFileType = file.xib; path = KeychainViewController.xib; sourceTree = "<group>"; };
		EAEBAD462621B176005DE62B /* Demo01.app */ = {isa = PBXFileReference; explicitFileType = wrapper.application; includeInIndex = 0; path = Demo01.app; sourceTree = BUILT_PRODUCTS_DIR; };
		EAEBAD492621B176005DE62B /* AppDelegate.swift */ = {isa = PBXFileReference; lastKnownFileType = sourcecode.swift; path = AppDelegate.swift; sourceTree = "<group>"; };
		EAEBAD522621B178005DE62B /* Assets.xcassets */ = {isa = PBXFileReference; lastKnownFileType = folder.assetcatalog; path = Assets.xcassets; sourceTree = "<group>"; };
		EAEBAD552621B178005DE62B /* Base */ = {isa = PBXFileReference; lastKnownFileType = file.storyboard; name = Base; path = Base.lproj/LaunchScreen.storyboard; sourceTree = "<group>"; };
		EAEBAD572621B178005DE62B /* Info.plist */ = {isa = PBXFileReference; lastKnownFileType = text.plist.xml; path = Info.plist; sourceTree = "<group>"; };
		EAEBAD612621B3A7005DE62B /* RootTabBarController.swift */ = {isa = PBXFileReference; lastKnownFileType = sourcecode.swift; path = RootTabBarController.swift; sourceTree = "<group>"; };
		EAEBAD642621B3E6005DE62B /* HomeViewController.swift */ = {isa = PBXFileReference; lastKnownFileType = sourcecode.swift; path = HomeViewController.swift; sourceTree = "<group>"; };
		EAEBAD692621B3F0005DE62B /* MineViewController.swift */ = {isa = PBXFileReference; lastKnownFileType = sourcecode.swift; path = MineViewController.swift; sourceTree = "<group>"; };
/* End PBXFileReference section */

/* Begin PBXFrameworksBuildPhase section */
		EAEBAD432621B176005DE62B /* Frameworks */ = {
			isa = PBXFrameworksBuildPhase;
			buildActionMask = 2147483647;
			files = (
			);
			runOnlyForDeploymentPostprocessing = 0;
		};
/* End PBXFrameworksBuildPhase section */

/* Begin PBXGroup section */
		ADA452E3275BA1AD00C15377 /* 实时检测输入框是否合法 */ = {
			isa = PBXGroup;
			children = (
				ADA452E4275BA20100C15377 /* InputTestViewController.swift */,
				ADA452E5275BA20100C15377 /* InputTestViewController.xib */,
			);
			path = "实时检测输入框是否合法";
			sourceTree = "<group>";
		};
		ADA945D227637ED30024E8ED /* 视图颜色渐变CAGradientLayer */ = {
			isa = PBXGroup;
			children = (
				ADA945D327637F1E0024E8ED /* GradientTestViewController.swift */,
				ADA945D427637F1E0024E8ED /* GradientTestViewController.xib */,
			);
			path = "视图颜色渐变CAGradientLayer";
			sourceTree = "<group>";
		};
		ADCC899227546F3100912771 /* NSThread 线程保活和销毁 */ = {
			isa = PBXGroup;
			children = (
				ADCC899727546F7300912771 /* ThreadTestViewController02.swift */,
				ADCC899827546F7300912771 /* ThreadTestViewController02.xib */,
			);
			path = "NSThread 线程保活和销毁";
			sourceTree = "<group>";
		};
		DC2412C82626906400F42143 /* 系统原生分享 */ = {
			isa = PBXGroup;
			children = (
				DC2412C9262690BC00F42143 /* SystemShareViewController.swift */,
			);
			path = "系统原生分享";
			sourceTree = "<group>";
		};
		DC2412CF2626B66600F42143 /* 文件预览、打开、分享 */ = {
			isa = PBXGroup;
			children = (
				DC2412D02626B6AD00F42143 /* FileOpeningViewController.swift */,
			);
			path = "文件预览、打开、分享";
			sourceTree = "<group>";
		};
		DC2AE36126241E23005C8CC7 /* Bar */ = {
			isa = PBXGroup;
			children = (
				DC2AE35C26241E14005C8CC7 /* BarViewController.swift */,
				EA031C0026248BAD00180969 /* BarTestViewController.swift */,
			);
			path = Bar;
			sourceTree = "<group>";
		};
		DC82D32C2627D14200BC7BA2 /* 悬浮可滑动按钮 */ = {
			isa = PBXGroup;
			children = (
				DC82D32D2627D26F00BC7BA2 /* SuspensionViewController.swift */,
			);
			path = "悬浮可滑动按钮";
			sourceTree = "<group>";
		};
		EA031C032625CA7100180969 /* Scroll View Header */ = {
			isa = PBXGroup;
			children = (
				EA031C042625CACD00180969 /* ScrollViewHeaderViewController.swift */,
			);
			path = "Scroll View Header";
			sourceTree = "<group>";
		};
		EA031C1126271AC000180969 /* UIPageViewController */ = {
			isa = PBXGroup;
			children = (
				EA031C1226271AE400180969 /* PageViewController.swift */,
				EA031C1626271BF200180969 /* PageViewController01.swift */,
				EA031C1926271BFB00180969 /* PageViewController02.swift */,
				EA031C1C26271C0400180969 /* PageViewController03.swift */,
			);
			path = UIPageViewController;
			sourceTree = "<group>";
		};
		EA031CA22629ED4E00180969 /* 自定义模态视图动画 */ = {
			isa = PBXGroup;
			children = (
				EA031CA32629ED8F00180969 /* ModelTestViewController01.swift */,
				EA031CA42629ED8F00180969 /* ModelTestViewController01.xib */,
				EA031CA82629ED9D00180969 /* ModelTestViewController02.swift */,
				EA031CA92629ED9D00180969 /* ModelTestViewController02.xib */,
				EA031CAD2629F17200180969 /* ModelAnimator.swift */,
			);
			path = "自定义模态视图动画";
			sourceTree = "<group>";
		};
		EA7A6BC8262C002C00149932 /* Keychain 使用封装 */ = {
			isa = PBXGroup;
			children = (
				EA7A6BC9262C008E00149932 /* KeychainViewController.swift */,
				EA7A6BCA262C008E00149932 /* KeychainViewController.xib */,
				ADF36E1F27527FB7008BA1DB /* Keychain.swift */,
			);
			path = "Keychain 使用封装";
			sourceTree = "<group>";
		};
		EAEBAD3D2621B176005DE62B = {
			isa = PBXGroup;
			children = (
				EAEBAD482621B176005DE62B /* Demo01 */,
				EAEBAD472621B176005DE62B /* Products */,
			);
			sourceTree = "<group>";
		};
		EAEBAD472621B176005DE62B /* Products */ = {
			isa = PBXGroup;
			children = (
				EAEBAD462621B176005DE62B /* Demo01.app */,
			);
			name = Products;
			sourceTree = "<group>";
		};
		EAEBAD482621B176005DE62B /* Demo01 */ = {
			isa = PBXGroup;
			children = (
				DC2AE36126241E23005C8CC7 /* Bar */,
				EA031C032625CA7100180969 /* Scroll View Header */,
				DC2412C82626906400F42143 /* 系统原生分享 */,
				DC2412CF2626B66600F42143 /* 文件预览、打开、分享 */,
				EA031C1126271AC000180969 /* UIPageViewController */,
				DC82D32C2627D14200BC7BA2 /* 悬浮可滑动按钮 */,
				EA031CA22629ED4E00180969 /* 自定义模态视图动画 */,
				EA7A6BC8262C002C00149932 /* Keychain 使用封装 */,
				ADCC899227546F3100912771 /* NSThread 线程保活和销毁 */,
				ADA452E3275BA1AD00C15377 /* 实时检测输入框是否合法 */,
				ADA945D227637ED30024E8ED /* 视图颜色渐变CAGradientLayer */,
				EAEBAD492621B176005DE62B /* AppDelegate.swift */,
				EAEBAD612621B3A7005DE62B /* RootTabBarController.swift */,
				EAEBAD642621B3E6005DE62B /* HomeViewController.swift */,
				EAEBAD692621B3F0005DE62B /* MineViewController.swift */,
				EA031C082625CB2200180969 /* HomeModule.storyboard */,
				EA031C0B2625CB3300180969 /* MineModule.storyboard */,
				EAEBAD522621B178005DE62B /* Assets.xcassets */,
				DC2412D42626B97300F42143 /* 荷塘月色.pdf */,
				DC2412D32626B97300F42143 /* pretty.jpg */,
				EAEBAD542621B178005DE62B /* LaunchScreen.storyboard */,
				EAEBAD572621B178005DE62B /* Info.plist */,
			);
			path = Demo01;
			sourceTree = "<group>";
		};
/* End PBXGroup section */

/* Begin PBXNativeTarget section */
		EAEBAD452621B176005DE62B /* Demo01 */ = {
			isa = PBXNativeTarget;
			buildConfigurationList = EAEBAD5A2621B178005DE62B /* Build configuration list for PBXNativeTarget "Demo01" */;
			buildPhases = (
				EAEBAD422621B176005DE62B /* Sources */,
				EAEBAD432621B176005DE62B /* Frameworks */,
				EAEBAD442621B176005DE62B /* Resources */,
			);
			buildRules = (
			);
			dependencies = (
			);
			name = Demo01;
			productName = Demo01;
			productReference = EAEBAD462621B176005DE62B /* Demo01.app */;
			productType = "com.apple.product-type.application";
		};
/* End PBXNativeTarget section */

/* Begin PBXProject section */
		EAEBAD3E2621B176005DE62B /* Project object */ = {
			isa = PBXProject;
			attributes = {
				LastSwiftUpdateCheck = 1240;
				LastUpgradeCheck = 1240;
				TargetAttributes = {
					EAEBAD452621B176005DE62B = {
						CreatedOnToolsVersion = 12.4;
					};
				};
			};
			buildConfigurationList = EAEBAD412621B176005DE62B /* Build configuration list for PBXProject "Demo01" */;
			compatibilityVersion = "Xcode 9.3";
			developmentRegion = en;
			hasScannedForEncodings = 0;
			knownRegions = (
				en,
				Base,
			);
			mainGroup = EAEBAD3D2621B176005DE62B;
			productRefGroup = EAEBAD472621B176005DE62B /* Products */;
			projectDirPath = "";
			projectRoot = "";
			targets = (
				EAEBAD452621B176005DE62B /* Demo01 */,
			);
		};
/* End PBXProject section */

/* Begin PBXResourcesBuildPhase section */
		EAEBAD442621B176005DE62B /* Resources */ = {
			isa = PBXResourcesBuildPhase;
			buildActionMask = 2147483647;
			files = (
				EA031CAB2629ED9D00180969 /* ModelTestViewController02.xib in Resources */,
				ADA452E7275BA20100C15377 /* InputTestViewController.xib in Resources */,
				EA7A6BCC262C008E00149932 /* KeychainViewController.xib in Resources */,
				EAEBAD562621B178005DE62B /* LaunchScreen.storyboard in Resources */,
				ADA945D627637F1E0024E8ED /* GradientTestViewController.xib in Resources */,
				ADCC899A27546F7300912771 /* ThreadTestViewController02.xib in Resources */,
				EA031C092625CB2200180969 /* HomeModule.storyboard in Resources */,
				DC2412D52626B97300F42143 /* pretty.jpg in Resources */,
				EA031CA62629ED8F00180969 /* ModelTestViewController01.xib in Resources */,
				DC2412D62626B97300F42143 /* 荷塘月色.pdf in Resources */,
				EAEBAD532621B178005DE62B /* Assets.xcassets in Resources */,
				EA031C0C2625CB3300180969 /* MineModule.storyboard in Resources */,
			);
			runOnlyForDeploymentPostprocessing = 0;
		};
/* End PBXResourcesBuildPhase section */

/* Begin PBXSourcesBuildPhase section */
		EAEBAD422621B176005DE62B /* Sources */ = {
			isa = PBXSourcesBuildPhase;
			buildActionMask = 2147483647;
			files = (
				ADA452E6275BA20100C15377 /* InputTestViewController.swift in Sources */,
				EA031C0126248BAD00180969 /* BarTestViewController.swift in Sources */,
				ADCC899927546F7300912771 /* ThreadTestViewController02.swift in Sources */,
				EA031C1326271AE400180969 /* PageViewController.swift in Sources */,
				DC2412CA262690BC00F42143 /* SystemShareViewController.swift in Sources */,
				EA031C1A26271BFB00180969 /* PageViewController02.swift in Sources */,
				EA7A6BCB262C008E00149932 /* KeychainViewController.swift in Sources */,
				EAEBAD4A2621B176005DE62B /* AppDelegate.swift in Sources */,
				DC2AE35E26241E14005C8CC7 /* BarViewController.swift in Sources */,
				EA031C1D26271C0400180969 /* PageViewController03.swift in Sources */,
				EAEBAD622621B3A7005DE62B /* RootTabBarController.swift in Sources */,
				DC2412D12626B6AD00F42143 /* FileOpeningViewController.swift in Sources */,
				ADA945D527637F1E0024E8ED /* GradientTestViewController.swift in Sources */,
				EAEBAD662621B3E6005DE62B /* HomeViewController.swift in Sources */,
				ADF36E2027527FB7008BA1DB /* Keychain.swift in Sources */,
				EA031CAE2629F17200180969 /* ModelAnimator.swift in Sources */,
				EA031CA52629ED8F00180969 /* ModelTestViewController01.swift in Sources */,
				EAEBAD6B2621B3F0005DE62B /* MineViewController.swift in Sources */,
				EA031CAA2629ED9D00180969 /* ModelTestViewController02.swift in Sources */,
				EA031C1726271BF200180969 /* PageViewController01.swift in Sources */,
				EA031C052625CACD00180969 /* ScrollViewHeaderViewController.swift in Sources */,
				DC82D32E2627D26F00BC7BA2 /* SuspensionViewController.swift in Sources */,
			);
			runOnlyForDeploymentPostprocessing = 0;
		};
/* End PBXSourcesBuildPhase section */

/* Begin PBXVariantGroup section */
		EAEBAD542621B178005DE62B /* LaunchScreen.storyboard */ = {
			isa = PBXVariantGroup;
			children = (
				EAEBAD552621B178005DE62B /* Base */,
			);
			name = LaunchScreen.storyboard;
			sourceTree = "<group>";
		};
/* End PBXVariantGroup section */

/* Begin XCBuildConfiguration section */
		EAEBAD582621B178005DE62B /* Debug */ = {
			isa = XCBuildConfiguration;
			buildSettings = {
				ALWAYS_SEARCH_USER_PATHS = NO;
				CLANG_ANALYZER_NONNULL = YES;
				CLANG_ANALYZER_NUMBER_OBJECT_CONVERSION = YES_AGGRESSIVE;
				CLANG_CXX_LANGUAGE_STANDARD = "gnu++14";
				CLANG_CXX_LIBRARY = "libc++";
				CLANG_ENABLE_MODULES = YES;
				CLANG_ENABLE_OBJC_ARC = YES;
				CLANG_ENABLE_OBJC_WEAK = YES;
				CLANG_WARN_BLOCK_CAPTURE_AUTORELEASING = YES;
				CLANG_WARN_BOOL_CONVERSION = YES;
				CLANG_WARN_COMMA = YES;
				CLANG_WARN_CONSTANT_CONVERSION = YES;
				CLANG_WARN_DEPRECATED_OBJC_IMPLEMENTATIONS = YES;
				CLANG_WARN_DIRECT_OBJC_ISA_USAGE = YES_ERROR;
				CLANG_WARN_DOCUMENTATION_COMMENTS = YES;
				CLANG_WARN_EMPTY_BODY = YES;
				CLANG_WARN_ENUM_CONVERSION = YES;
				CLANG_WARN_INFINITE_RECURSION = YES;
				CLANG_WARN_INT_CONVERSION = YES;
				CLANG_WARN_NON_LITERAL_NULL_CONVERSION = YES;
				CLANG_WARN_OBJC_IMPLICIT_RETAIN_SELF = YES;
				CLANG_WARN_OBJC_LITERAL_CONVERSION = YES;
				CLANG_WARN_OBJC_ROOT_CLASS = YES_ERROR;
				CLANG_WARN_QUOTED_INCLUDE_IN_FRAMEWORK_HEADER = YES;
				CLANG_WARN_RANGE_LOOP_ANALYSIS = YES;
				CLANG_WARN_STRICT_PROTOTYPES = YES;
				CLANG_WARN_SUSPICIOUS_MOVE = YES;
				CLANG_WARN_UNGUARDED_AVAILABILITY = YES_AGGRESSIVE;
				CLANG_WARN_UNREACHABLE_CODE = YES;
				CLANG_WARN__DUPLICATE_METHOD_MATCH = YES;
				COPY_PHASE_STRIP = NO;
				DEBUG_INFORMATION_FORMAT = dwarf;
				ENABLE_STRICT_OBJC_MSGSEND = YES;
				ENABLE_TESTABILITY = YES;
				GCC_C_LANGUAGE_STANDARD = gnu11;
				GCC_DYNAMIC_NO_PIC = NO;
				GCC_NO_COMMON_BLOCKS = YES;
				GCC_OPTIMIZATION_LEVEL = 0;
				GCC_PREPROCESSOR_DEFINITIONS = (
					"DEBUG=1",
					"$(inherited)",
				);
				GCC_WARN_64_TO_32_BIT_CONVERSION = YES;
				GCC_WARN_ABOUT_RETURN_TYPE = YES_ERROR;
				GCC_WARN_UNDECLARED_SELECTOR = YES;
				GCC_WARN_UNINITIALIZED_AUTOS = YES_AGGRESSIVE;
				GCC_WARN_UNUSED_FUNCTION = YES;
				GCC_WARN_UNUSED_VARIABLE = YES;
				IPHONEOS_DEPLOYMENT_TARGET = 14.4;
				MTL_ENABLE_DEBUG_INFO = INCLUDE_SOURCE;
				MTL_FAST_MATH = YES;
				ONLY_ACTIVE_ARCH = YES;
				SDKROOT = iphoneos;
				SWIFT_ACTIVE_COMPILATION_CONDITIONS = DEBUG;
				SWIFT_OPTIMIZATION_LEVEL = "-Onone";
			};
			name = Debug;
		};
		EAEBAD592621B178005DE62B /* Release */ = {
			isa = XCBuildConfiguration;
			buildSettings = {
				ALWAYS_SEARCH_USER_PATHS = NO;
				CLANG_ANALYZER_NONNULL = YES;
				CLANG_ANALYZER_NUMBER_OBJECT_CONVERSION = YES_AGGRESSIVE;
				CLANG_CXX_LANGUAGE_STANDARD = "gnu++14";
				CLANG_CXX_LIBRARY = "libc++";
				CLANG_ENABLE_MODULES = YES;
				CLANG_ENABLE_OBJC_ARC = YES;
				CLANG_ENABLE_OBJC_WEAK = YES;
				CLANG_WARN_BLOCK_CAPTURE_AUTORELEASING = YES;
				CLANG_WARN_BOOL_CONVERSION = YES;
				CLANG_WARN_COMMA = YES;
				CLANG_WARN_CONSTANT_CONVERSION = YES;
				CLANG_WARN_DEPRECATED_OBJC_IMPLEMENTATIONS = YES;
				CLANG_WARN_DIRECT_OBJC_ISA_USAGE = YES_ERROR;
				CLANG_WARN_DOCUMENTATION_COMMENTS = YES;
				CLANG_WARN_EMPTY_BODY = YES;
				CLANG_WARN_ENUM_CONVERSION = YES;
				CLANG_WARN_INFINITE_RECURSION = YES;
				CLANG_WARN_INT_CONVERSION = YES;
				CLANG_WARN_NON_LITERAL_NULL_CONVERSION = YES;
				CLANG_WARN_OBJC_IMPLICIT_RETAIN_SELF = YES;
				CLANG_WARN_OBJC_LITERAL_CONVERSION = YES;
				CLANG_WARN_OBJC_ROOT_CLASS = YES_ERROR;
				CLANG_WARN_QUOTED_INCLUDE_IN_FRAMEWORK_HEADER = YES;
				CLANG_WARN_RANGE_LOOP_ANALYSIS = YES;
				CLANG_WARN_STRICT_PROTOTYPES = YES;
				CLANG_WARN_SUSPICIOUS_MOVE = YES;
				CLANG_WARN_UNGUARDED_AVAILABILITY = YES_AGGRESSIVE;
				CLANG_WARN_UNREACHABLE_CODE = YES;
				CLANG_WARN__DUPLICATE_METHOD_MATCH = YES;
				COPY_PHASE_STRIP = NO;
				DEBUG_INFORMATION_FORMAT = "dwarf-with-dsym";
				ENABLE_NS_ASSERTIONS = NO;
				ENABLE_STRICT_OBJC_MSGSEND = YES;
				GCC_C_LANGUAGE_STANDARD = gnu11;
				GCC_NO_COMMON_BLOCKS = YES;
				GCC_WARN_64_TO_32_BIT_CONVERSION = YES;
				GCC_WARN_ABOUT_RETURN_TYPE = YES_ERROR;
				GCC_WARN_UNDECLARED_SELECTOR = YES;
				GCC_WARN_UNINITIALIZED_AUTOS = YES_AGGRESSIVE;
				GCC_WARN_UNUSED_FUNCTION = YES;
				GCC_WARN_UNUSED_VARIABLE = YES;
				IPHONEOS_DEPLOYMENT_TARGET = 14.4;
				MTL_ENABLE_DEBUG_INFO = NO;
				MTL_FAST_MATH = YES;
				SDKROOT = iphoneos;
				SWIFT_COMPILATION_MODE = wholemodule;
				SWIFT_OPTIMIZATION_LEVEL = "-O";
				VALIDATE_PRODUCT = YES;
			};
			name = Release;
		};
		EAEBAD5B2621B178005DE62B /* Debug */ = {
			isa = XCBuildConfiguration;
			buildSettings = {
				ASSETCATALOG_COMPILER_APPICON_NAME = AppIcon;
				ASSETCATALOG_COMPILER_GLOBAL_ACCENT_COLOR_NAME = AccentColor;
				CODE_SIGN_STYLE = Automatic;
				DEVELOPMENT_TEAM = 3Z9M53XYF8;
				INFOPLIST_FILE = Demo01/Info.plist;
				IPHONEOS_DEPLOYMENT_TARGET = 13.0;
				LD_RUNPATH_SEARCH_PATHS = (
					"$(inherited)",
					"@executable_path/Frameworks",
				);
				PRODUCT_BUNDLE_IDENTIFIER = com.beizhu.Demo01;
				PRODUCT_NAME = "$(TARGET_NAME)";
				SWIFT_VERSION = 5.0;
				TARGETED_DEVICE_FAMILY = "1,2";
			};
			name = Debug;
		};
		EAEBAD5C2621B178005DE62B /* Release */ = {
			isa = XCBuildConfiguration;
			buildSettings = {
				ASSETCATALOG_COMPILER_APPICON_NAME = AppIcon;
				ASSETCATALOG_COMPILER_GLOBAL_ACCENT_COLOR_NAME = AccentColor;
				CODE_SIGN_STYLE = Automatic;
				DEVELOPMENT_TEAM = 3Z9M53XYF8;
				INFOPLIST_FILE = Demo01/Info.plist;
				IPHONEOS_DEPLOYMENT_TARGET = 13.0;
				LD_RUNPATH_SEARCH_PATHS = (
					"$(inherited)",
					"@executable_path/Frameworks",
				);
				PRODUCT_BUNDLE_IDENTIFIER = com.beizhu.Demo01;
				PRODUCT_NAME = "$(TARGET_NAME)";
				SWIFT_VERSION = 5.0;
				TARGETED_DEVICE_FAMILY = "1,2";
			};
			name = Release;
		};
/* End XCBuildConfiguration section */

/* Begin XCConfigurationList section */
		EAEBAD412621B176005DE62B /* Build configuration list for PBXProject "Demo01" */ = {
			isa = XCConfigurationList;
			buildConfigurations = (
				EAEBAD582621B178005DE62B /* Debug */,
				EAEBAD592621B178005DE62B /* Release */,
			);
			defaultConfigurationIsVisible = 0;
			defaultConfigurationName = Release;
		};
		EAEBAD5A2621B178005DE62B /* Build configuration list for PBXNativeTarget "Demo01" */ = {
			isa = XCConfigurationList;
			buildConfigurations = (
				EAEBAD5B2621B178005DE62B /* Debug */,
				EAEBAD5C2621B178005DE62B /* Release */,
			);
			defaultConfigurationIsVisible = 0;
			defaultConfigurationName = Release;
		};
/* End XCConfigurationList section */
	};
	rootObject = EAEBAD3E2621B176005DE62B /* Project object */;
}
